
Microsoft Visual Studio Solution File, Format Version 12.00
# Visual Studio Version 16
VisualStudioVersion = 16.0.32929.386
MinimumVisualStudioVersion = 10.0.40219.1
Project("{8BC9CEB8-8B4A-11D0-8D11-00A0C91BC942}") = "OpenCV4.6_Samples", "OpenCV4.6_Samples\OpenCV4.6_Samples.vcxproj", "{7690B4D8-A375-4356-88E3-A72B5F4E7739}"
EndProject
Project("{8BC9CEB8-8B4A-11D0-8D11-00A0C91BC942}") = "01_Histogram_Stretching", "01_Histogram_Stretching\01_Histogram_Stretching.vcxproj", "{8360491D-2AD4-4ABD-B58F-E46FD192142B}"
EndProject
Project("{8BC9CEB8-8B4A-11D0-8D11-00A0C91BC942}") = "02_Histogram_Equalization", "02_Histogram_Equalization\02_Histogram_Equalization.vcxproj", "{53C203D9-E35E-44D9-B5DF-76EF3DED894C}"
EndProject
Project("{8BC9CEB8-8B4A-11D0-8D11-00A0C91BC942}") = "03_Filter_Embossing", "03_Filter_Embossing\03_Filter_Embossing.vcxproj", "{3D290F0D-2D27-4FD7-AEC7-6EF41F862A81}"
EndProject
Project("{8BC9CEB8-8B4A-11D0-8D11-00A0C91BC942}") = "04_Filter_Mean", "04_Filter_Mean\04_Filter_Mean.vcxproj", "{0BE1D54B-01C7-4328-B7CB-F92E3275DBDD}"
EndProject
Project("{8BC9CEB8-8B4A-11D0-8D11-00A0C91BC942}") = "05_Filter_Gaussian", "05_Filter_Gaussian\05_Filter_Gaussian.vcxproj", "{29A34A7F-F6FD-496A-9C39-03CA46B489D4}"
EndProject
Project("{8BC9CEB8-8B4A-11D0-8D11-00A0C91BC942}") = "06_Filter_UnsharpMask", "06_Filter_UnsharpMask\06_Filter_UnsharpMask.vcxproj", "{F0FC5986-8F62-4444-9CEB-2C1B195C21BE}"
EndProject
Project("{8BC9CEB8-8B4A-11D0-8D11-00A0C91BC942}") = "JJLIB", "JJLIB\JJLIB.vcxproj", "{1FDC9EDB-83CB-4D49-B5B8-3F89413BF9CA}"
EndProject
Project("{8BC9CEB8-8B4A-11D0-8D11-00A0C91BC942}") = "07_Filter_Bilateral", "07_Filter_Noise\07_Filter_Noise.vcxproj", "{AEA364BB-08C4-46C6-8DF3-AE0EC05B9558}"
EndProject
Project("{8BC9CEB8-8B4A-11D0-8D11-00A0C91BC942}") = "08_Filter_Median", "08_Filter_Median\08_Filter_Median.vcxproj", "{24EBCF11-E224-4B8E-A459-9E9159195357}"
EndProject
Project("{8BC9CEB8-8B4A-11D0-8D11-00A0C91BC942}") = "09_Edge_Sobel", "09_Edge_Sobel\09_Edge_Sobel.vcxproj", "{42A4E203-D939-4CF3-8434-54668C3F4A75}"
EndProject
Project("{8BC9CEB8-8B4A-11D0-8D11-00A0C91BC942}") = "10_Edge_Canny", "10_Edge_Canny\10_Edge_Canny.vcxproj", "{A8ABD4EE-FF84-4539-AA22-54AB1044AEC8}"
EndProject
Project("{8BC9CEB8-8B4A-11D0-8D11-00A0C91BC942}") = "11_Edge_HoughLine", "11_Edge_HoughLine\11_Edge_HoughLine.vcxproj", "{AD977DE2-A062-4910-962B-7392B3F05E2D}"
EndProject
Project("{8BC9CEB8-8B4A-11D0-8D11-00A0C91BC942}") = "12_Edge_HoughCircles", "12_Edge_HoughCircles\12_Edge_HoughCircles.vcxproj", "{D87BF04D-F0B4-40FC-8D8C-A90BD5000C13}"
EndProject
Global
	GlobalSection(SolutionConfigurationPlatforms) = preSolution
		Debug|x64 = Debug|x64
		Debug|x86 = Debug|x86
		Release|x64 = Release|x64
		Release|x86 = Release|x86
	EndGlobalSection
	GlobalSection(ProjectConfigurationPlatforms) = postSolution
		{7690B4D8-A375-4356-88E3-A72B5F4E7739}.Debug|x64.ActiveCfg = Debug|x64
		{7690B4D8-A375-4356-88E3-A72B5F4E7739}.Debug|x64.Build.0 = Debug|x64
		{7690B4D8-A375-4356-88E3-A72B5F4E7739}.Debug|x86.ActiveCfg = Debug|Win32
		{7690B4D8-A375-4356-88E3-A72B5F4E7739}.Debug|x86.Build.0 = Debug|Win32
		{7690B4D8-A375-4356-88E3-A72B5F4E7739}.Release|x64.ActiveCfg = Release|x64
		{7690B4D8-A375-4356-88E3-A72B5F4E7739}.Release|x64.Build.0 = Release|x64
		{7690B4D8-A375-4356-88E3-A72B5F4E7739}.Release|x86.ActiveCfg = Release|Win32
		{7690B4D8-A375-4356-88E3-A72B5F4E7739}.Release|x86.Build.0 = Release|Win32
		{8360491D-2AD4-4ABD-B58F-E46FD192142B}.Debug|x64.ActiveCfg = Debug|x64
		{8360491D-2AD4-4ABD-B58F-E46FD192142B}.Debug|x64.Build.0 = Debug|x64
		{8360491D-2AD4-4ABD-B58F-E46FD192142B}.Debug|x86.ActiveCfg = Debug|Win32
		{8360491D-2AD4-4ABD-B58F-E46FD192142B}.Debug|x86.Build.0 = Debug|Win32
		{8360491D-2AD4-4ABD-B58F-E46FD192142B}.Release|x64.ActiveCfg = Release|x64
		{8360491D-2AD4-4ABD-B58F-E46FD192142B}.Release|x64.Build.0 = Release|x64
		{8360491D-2AD4-4ABD-B58F-E46FD192142B}.Release|x86.ActiveCfg = Release|Win32
		{8360491D-2AD4-4ABD-B58F-E46FD192142B}.Release|x86.Build.0 = Release|Win32
		{53C203D9-E35E-44D9-B5DF-76EF3DED894C}.Debug|x64.ActiveCfg = Debug|x64
		{53C203D9-E35E-44D9-B5DF-76EF3DED894C}.Debug|x64.Build.0 = Debug|x64
		{53C203D9-E35E-44D9-B5DF-76EF3DED894C}.Debug|x86.ActiveCfg = Debug|Win32
		{53C203D9-E35E-44D9-B5DF-76EF3DED894C}.Debug|x86.Build.0 = Debug|Win32
		{53C203D9-E35E-44D9-B5DF-76EF3DED894C}.Release|x64.ActiveCfg = Release|x64
		{53C203D9-E35E-44D9-B5DF-76EF3DED894C}.Release|x64.Build.0 = Release|x64
		{53C203D9-E35E-44D9-B5DF-76EF3DED894C}.Release|x86.ActiveCfg = Release|Win32
		{53C203D9-E35E-44D9-B5DF-76EF3DED894C}.Release|x86.Build.0 = Release|Win32
		{3D290F0D-2D27-4FD7-AEC7-6EF41F862A81}.Debug|x64.ActiveCfg = Debug|x64
		{3D290F0D-2D27-4FD7-AEC7-6EF41F862A81}.Debug|x64.Build.0 = Debug|x64
		{3D290F0D-2D27-4FD7-AEC7-6EF41F862A81}.Debug|x86.ActiveCfg = Debug|Win32
		{3D290F0D-2D27-4FD7-AEC7-6EF41F862A81}.Debug|x86.Build.0 = Debug|Win32
		{3D290F0D-2D27-4FD7-AEC7-6EF41F862A81}.Release|x64.ActiveCfg = Release|x64
		{3D290F0D-2D27-4FD7-AEC7-6EF41F862A81}.Release|x64.Build.0 = Release|x64
		{3D290F0D-2D27-4FD7-AEC7-6EF41F862A81}.Release|x86.ActiveCfg = Release|Win32
		{3D290F0D-2D27-4FD7-AEC7-6EF41F862A81}.Release|x86.Build.0 = Release|Win32
		{0BE1D54B-01C7-4328-B7CB-F92E3275DBDD}.Debug|x64.ActiveCfg = Debug|x64
		{0BE1D54B-01C7-4328-B7CB-F92E3275DBDD}.Debug|x64.Build.0 = Debug|x64
		{0BE1D54B-01C7-4328-B7CB-F92E3275DBDD}.Debug|x86.ActiveCfg = Debug|Win32
		{0BE1D54B-01C7-4328-B7CB-F92E3275DBDD}.Debug|x86.Build.0 = Debug|Win32
		{0BE1D54B-01C7-4328-B7CB-F92E3275DBDD}.Release|x64.ActiveCfg = Release|x64
		{0BE1D54B-01C7-4328-B7CB-F92E3275DBDD}.Release|x64.Build.0 = Release|x64
		{0BE1D54B-01C7-4328-B7CB-F92E3275DBDD}.Release|x86.ActiveCfg = Release|Win32
		{0BE1D54B-01C7-4328-B7CB-F92E3275DBDD}.Release|x86.Build.0 = Release|Win32
		{29A34A7F-F6FD-496A-9C39-03CA46B489D4}.Debug|x64.ActiveCfg = Debug|x64
		{29A34A7F-F6FD-496A-9C39-03CA46B489D4}.Debug|x64.Build.0 = Debug|x64
		{29A34A7F-F6FD-496A-9C39-03CA46B489D4}.Debug|x86.ActiveCfg = Debug|Win32
		{29A34A7F-F6FD-496A-9C39-03CA46B489D4}.Debug|x86.Build.0 = Debug|Win32
		{29A34A7F-F6FD-496A-9C39-03CA46B489D4}.Release|x64.ActiveCfg = Release|x64
		{29A34A7F-F6FD-496A-9C39-03CA46B489D4}.Release|x64.Build.0 = Release|x64
		{29A34A7F-F6FD-496A-9C39-03CA46B489D4}.Release|x86.ActiveCfg = Release|Win32
		{29A34A7F-F6FD-496A-9C39-03CA46B489D4}.Release|x86.Build.0 = Release|Win32
		{F0FC5986-8F62-4444-9CEB-2C1B195C21BE}.Debug|x64.ActiveCfg = Debug|x64
		{F0FC5986-8F62-4444-9CEB-2C1B195C21BE}.Debug|x64.Build.0 = Debug|x64
		{F0FC5986-8F62-4444-9CEB-2C1B195C21BE}.Debug|x86.ActiveCfg = Debug|Win32
		{F0FC5986-8F62-4444-9CEB-2C1B195C21BE}.Debug|x86.Build.0 = Debug|Win32
		{F0FC5986-8F62-4444-9CEB-2C1B195C21BE}.Release|x64.ActiveCfg = Release|x64
		{F0FC5986-8F62-4444-9CEB-2C1B195C21BE}.Release|x64.Build.0 = Release|x64
		{F0FC5986-8F62-4444-9CEB-2C1B195C21BE}.Release|x86.ActiveCfg = Release|Win32
		{F0FC5986-8F62-4444-9CEB-2C1B195C21BE}.Release|x86.Build.0 = Release|Win32
		{1FDC9EDB-83CB-4D49-B5B8-3F89413BF9CA}.Debug|x64.ActiveCfg = Debug|x64
		{1FDC9EDB-83CB-4D49-B5B8-3F89413BF9CA}.Debug|x64.Build.0 = Debug|x64
		{1FDC9EDB-83CB-4D49-B5B8-3F89413BF9CA}.Debug|x86.ActiveCfg = Debug|Win32
		{1FDC9EDB-83CB-4D49-B5B8-3F89413BF9CA}.Debug|x86.Build.0 = Debug|Win32
		{1FDC9EDB-83CB-4D49-B5B8-3F89413BF9CA}.Release|x64.ActiveCfg = Release|x64
		{1FDC9EDB-83CB-4D49-B5B8-3F89413BF9CA}.Release|x64.Build.0 = Release|x64
		{1FDC9EDB-83CB-4D49-B5B8-3F89413BF9CA}.Release|x86.ActiveCfg = Release|Win32
		{1FDC9EDB-83CB-4D49-B5B8-3F89413BF9CA}.Release|x86.Build.0 = Release|Win32
		{AEA364BB-08C4-46C6-8DF3-AE0EC05B9558}.Debug|x64.ActiveCfg = Debug|x64
		{AEA364BB-08C4-46C6-8DF3-AE0EC05B9558}.Debug|x64.Build.0 = Debug|x64
		{AEA364BB-08C4-46C6-8DF3-AE0EC05B9558}.Debug|x86.ActiveCfg = Debug|Win32
		{AEA364BB-08C4-46C6-8DF3-AE0EC05B9558}.Debug|x86.Build.0 = Debug|Win32
		{AEA364BB-08C4-46C6-8DF3-AE0EC05B9558}.Release|x64.ActiveCfg = Release|x64
		{AEA364BB-08C4-46C6-8DF3-AE0EC05B9558}.Release|x64.Build.0 = Release|x64
		{AEA364BB-08C4-46C6-8DF3-AE0EC05B9558}.Release|x86.ActiveCfg = Release|Win32
		{AEA364BB-08C4-46C6-8DF3-AE0EC05B9558}.Release|x86.Build.0 = Release|Win32
		{24EBCF11-E224-4B8E-A459-9E9159195357}.Debug|x64.ActiveCfg = Debug|x64
		{24EBCF11-E224-4B8E-A459-9E9159195357}.Debug|x64.Build.0 = Debug|x64
		{24EBCF11-E224-4B8E-A459-9E9159195357}.Debug|x86.ActiveCfg = Debug|Win32
		{24EBCF11-E224-4B8E-A459-9E9159195357}.Debug|x86.Build.0 = Debug|Win32
		{24EBCF11-E224-4B8E-A459-9E9159195357}.Release|x64.ActiveCfg = Release|x64
		{24EBCF11-E224-4B8E-A459-9E9159195357}.Release|x64.Build.0 = Release|x64
		{24EBCF11-E224-4B8E-A459-9E9159195357}.Release|x86.ActiveCfg = Release|Win32
		{24EBCF11-E224-4B8E-A459-9E9159195357}.Release|x86.Build.0 = Release|Win32
		{42A4E203-D939-4CF3-8434-54668C3F4A75}.Debug|x64.ActiveCfg = Debug|x64
		{42A4E203-D939-4CF3-8434-54668C3F4A75}.Debug|x64.Build.0 = Debug|x64
		{42A4E203-D939-4CF3-8434-54668C3F4A75}.Debug|x86.ActiveCfg = Debug|Win32
		{42A4E203-D939-4CF3-8434-54668C3F4A75}.Debug|x86.Build.0 = Debug|Win32
		{42A4E203-D939-4CF3-8434-54668C3F4A75}.Release|x64.ActiveCfg = Release|x64
		{42A4E203-D939-4CF3-8434-54668C3F4A75}.Release|x64.Build.0 = Release|x64
		{42A4E203-D939-4CF3-8434-54668C3F4A75}.Release|x86.ActiveCfg = Release|Win32
		{42A4E203-D939-4CF3-8434-54668C3F4A75}.Release|x86.Build.0 = Release|Win32
		{A8ABD4EE-FF84-4539-AA22-54AB1044AEC8}.Debug|x64.ActiveCfg = Debug|x64
		{A8ABD4EE-FF84-4539-AA22-54AB1044AEC8}.Debug|x64.Build.0 = Debug|x64
		{A8ABD4EE-FF84-4539-AA22-54AB1044AEC8}.Debug|x86.ActiveCfg = Debug|Win32
		{A8ABD4EE-FF84-4539-AA22-54AB1044AEC8}.Debug|x86.Build.0 = Debug|Win32
		{A8ABD4EE-FF84-4539-AA22-54AB1044AEC8}.Release|x64.ActiveCfg = Release|x64
		{A8ABD4EE-FF84-4539-AA22-54AB1044AEC8}.Release|x64.Build.0 = Release|x64
		{A8ABD4EE-FF84-4539-AA22-54AB1044AEC8}.Release|x86.ActiveCfg = Release|Win32
		{A8ABD4EE-FF84-4539-AA22-54AB1044AEC8}.Release|x86.Build.0 = Release|Win32
		{AD977DE2-A062-4910-962B-7392B3F05E2D}.Debug|x64.ActiveCfg = Debug|x64
		{AD977DE2-A062-4910-962B-7392B3F05E2D}.Debug|x64.Build.0 = Debug|x64
		{AD977DE2-A062-4910-962B-7392B3F05E2D}.Debug|x86.ActiveCfg = Debug|Win32
		{AD977DE2-A062-4910-962B-7392B3F05E2D}.Debug|x86.Build.0 = Debug|Win32
		{AD977DE2-A062-4910-962B-7392B3F05E2D}.Release|x64.ActiveCfg = Release|x64
		{AD977DE2-A062-4910-962B-7392B3F05E2D}.Release|x64.Build.0 = Release|x64
		{AD977DE2-A062-4910-962B-7392B3F05E2D}.Release|x86.ActiveCfg = Release|Win32
		{AD977DE2-A062-4910-962B-7392B3F05E2D}.Release|x86.Build.0 = Release|Win32
		{D87BF04D-F0B4-40FC-8D8C-A90BD5000C13}.Debug|x64.ActiveCfg = Debug|x64
		{D87BF04D-F0B4-40FC-8D8C-A90BD5000C13}.Debug|x64.Build.0 = Debug|x64
		{D87BF04D-F0B4-40FC-8D8C-A90BD5000C13}.Debug|x86.ActiveCfg = Debug|Win32
		{D87BF04D-F0B4-40FC-8D8C-A90BD5000C13}.Debug|x86.Build.0 = Debug|Win32
		{D87BF04D-F0B4-40FC-8D8C-A90BD5000C13}.Release|x64.ActiveCfg = Release|x64
		{D87BF04D-F0B4-40FC-8D8C-A90BD5000C13}.Release|x64.Build.0 = Release|x64
		{D87BF04D-F0B4-40FC-8D8C-A90BD5000C13}.Release|x86.ActiveCfg = Release|Win32
		{D87BF04D-F0B4-40FC-8D8C-A90BD5000C13}.Release|x86.Build.0 = Release|Win32
	EndGlobalSection
	GlobalSection(SolutionProperties) = preSolution
		HideSolutionNode = FALSE
	EndGlobalSection
	GlobalSection(ExtensibilityGlobals) = postSolution
		SolutionGuid = {B7037831-3285-43CB-8364-05CF183DEB4B}
	EndGlobalSection
EndGlobal
